// !$*UTF8*$!
{
	archiveVersion = 1;
	classes = {
	};
	objectVersion = 56;
	objects = {

/* Begin PBXBuildFile section */
		0046E7F7298BF1D3007FDC41 /* FavoriteButton.swift in Sources */ = {isa = PBXBuildFile; fileRef = 0046E7F6298BF1D3007FDC41 /* FavoriteButton.swift */; };
		0046E7FD298BF4D5007FDC41 /* HexagonParameters.swift in Sources */ = {isa = PBXBuildFile; fileRef = 0046E7FC298BF4D5007FDC41 /* HexagonParameters.swift */; };
		0046E7FF298BF71C007FDC41 /* BadgeBackground.swift in Sources */ = {isa = PBXBuildFile; fileRef = 0046E7FE298BF71C007FDC41 /* BadgeBackground.swift */; };
		0046E801298BFB2E007FDC41 /* BadgeSymbol.swift in Sources */ = {isa = PBXBuildFile; fileRef = 0046E800298BFB2E007FDC41 /* BadgeSymbol.swift */; };
		0046E803298BFDAC007FDC41 /* RotatedBadgeSymbol.swift in Sources */ = {isa = PBXBuildFile; fileRef = 0046E802298BFDAC007FDC41 /* RotatedBadgeSymbol.swift */; };
		0046E805298BFE70007FDC41 /* Badge.swift in Sources */ = {isa = PBXBuildFile; fileRef = 0046E804298BFE70007FDC41 /* Badge.swift */; };
		0046E826298CFD3C007FDC41 /* hikeData.json in Resources */ = {isa = PBXBuildFile; fileRef = 0046E825298CFD3C007FDC41 /* hikeData.json */; };
		0046E828298CFD5C007FDC41 /* Hike.swift in Sources */ = {isa = PBXBuildFile; fileRef = 0046E827298CFD5C007FDC41 /* Hike.swift */; };
		0046E82E298CFE8C007FDC41 /* GraphCapsule.swift in Sources */ = {isa = PBXBuildFile; fileRef = 0046E82A298CFE8C007FDC41 /* GraphCapsule.swift */; };
		0046E82F298CFE8C007FDC41 /* HikeGraph.swift in Sources */ = {isa = PBXBuildFile; fileRef = 0046E82B298CFE8C007FDC41 /* HikeGraph.swift */; };
		0046E830298CFE8C007FDC41 /* HikeDetail.swift in Sources */ = {isa = PBXBuildFile; fileRef = 0046E82C298CFE8C007FDC41 /* HikeDetail.swift */; };
		0046E831298CFE8C007FDC41 /* HikeView.swift in Sources */ = {isa = PBXBuildFile; fileRef = 0046E82D298CFE8C007FDC41 /* HikeView.swift */; };
		0046E833298D03D0007FDC41 /* CategoryHome.swift in Sources */ = {isa = PBXBuildFile; fileRef = 0046E832298D03D0007FDC41 /* CategoryHome.swift */; };
		0046E835298D05B9007FDC41 /* CategoryRow.swift in Sources */ = {isa = PBXBuildFile; fileRef = 0046E834298D05B9007FDC41 /* CategoryRow.swift */; };
		0046E837298D06E6007FDC41 /* CategoryItem.swift in Sources */ = {isa = PBXBuildFile; fileRef = 0046E836298D06E6007FDC41 /* CategoryItem.swift */; };
		009D7E60298BD63D0051C36F /* LandmarksApp.swift in Sources */ = {isa = PBXBuildFile; fileRef = 009D7E5F298BD63D0051C36F /* LandmarksApp.swift */; };
		009D7E62298BD63D0051C36F /* ContentView.swift in Sources */ = {isa = PBXBuildFile; fileRef = 009D7E61298BD63D0051C36F /* ContentView.swift */; };
		009D7E64298BD63F0051C36F /* Assets.xcassets in Resources */ = {isa = PBXBuildFile; fileRef = 009D7E63298BD63F0051C36F /* Assets.xcassets */; };
		009D7E67298BD63F0051C36F /* Preview Assets.xcassets in Resources */ = {isa = PBXBuildFile; fileRef = 009D7E66298BD63F0051C36F /* Preview Assets.xcassets */; };
		009D7E6E298BD7D30051C36F /* CircleImage.swift in Sources */ = {isa = PBXBuildFile; fileRef = 009D7E6D298BD7D30051C36F /* CircleImage.swift */; };
		009D7E70298BD8270051C36F /* MapView.swift in Sources */ = {isa = PBXBuildFile; fileRef = 009D7E6F298BD8270051C36F /* MapView.swift */; };
		009D7E72298BDAF40051C36F /* landmarkData.json in Resources */ = {isa = PBXBuildFile; fileRef = 009D7E71298BDAF40051C36F /* landmarkData.json */; };
		009D7E74298BDB0C0051C36F /* Landmark.swift in Sources */ = {isa = PBXBuildFile; fileRef = 009D7E73298BDB0C0051C36F /* Landmark.swift */; };
		009D7E76298BDD3A0051C36F /* ModelData.swift in Sources */ = {isa = PBXBuildFile; fileRef = 009D7E75298BDD3A0051C36F /* ModelData.swift */; };
		009D7E7C298BDEE30051C36F /* LandmarkRow.swift in Sources */ = {isa = PBXBuildFile; fileRef = 009D7E7B298BDEE30051C36F /* LandmarkRow.swift */; };
		009D7E7E298BE0000051C36F /* LandmarkList.swift in Sources */ = {isa = PBXBuildFile; fileRef = 009D7E7D298BE0000051C36F /* LandmarkList.swift */; };
		009D7E80298BE1010051C36F /* LandmarkDetail.swift in Sources */ = {isa = PBXBuildFile; fileRef = 009D7E7F298BE1010051C36F /* LandmarkDetail.swift */; };
/* End PBXBuildFile section */

/* Begin PBXFileReference section */
		0046E7F6298BF1D3007FDC41 /* FavoriteButton.swift */ = {isa = PBXFileReference; lastKnownFileType = sourcecode.swift; path = FavoriteButton.swift; sourceTree = "<group>"; };
		0046E7FC298BF4D5007FDC41 /* HexagonParameters.swift */ = {isa = PBXFileReference; lastKnownFileType = sourcecode.swift; path = HexagonParameters.swift; sourceTree = "<group>"; };
		0046E7FE298BF71C007FDC41 /* BadgeBackground.swift */ = {isa = PBXFileReference; lastKnownFileType = sourcecode.swift; path = BadgeBackground.swift; sourceTree = "<group>"; };
		0046E800298BFB2E007FDC41 /* BadgeSymbol.swift */ = {isa = PBXFileReference; lastKnownFileType = sourcecode.swift; path = BadgeSymbol.swift; sourceTree = "<group>"; };
		0046E802298BFDAC007FDC41 /* RotatedBadgeSymbol.swift */ = {isa = PBXFileReference; lastKnownFileType = sourcecode.swift; path = RotatedBadgeSymbol.swift; sourceTree = "<group>"; };
		0046E804298BFE70007FDC41 /* Badge.swift */ = {isa = PBXFileReference; lastKnownFileType = sourcecode.swift; path = Badge.swift; sourceTree = "<group>"; };
		0046E825298CFD3C007FDC41 /* hikeData.json */ = {isa = PBXFileReference; fileEncoding = 4; lastKnownFileType = text.json; path = hikeData.json; sourceTree = "<group>"; };
		0046E827298CFD5C007FDC41 /* Hike.swift */ = {isa = PBXFileReference; lastKnownFileType = sourcecode.swift; path = Hike.swift; sourceTree = "<group>"; };
		0046E82A298CFE8C007FDC41 /* GraphCapsule.swift */ = {isa = PBXFileReference; fileEncoding = 4; lastKnownFileType = sourcecode.swift; path = GraphCapsule.swift; sourceTree = "<group>"; };
		0046E82B298CFE8C007FDC41 /* HikeGraph.swift */ = {isa = PBXFileReference; fileEncoding = 4; lastKnownFileType = sourcecode.swift; path = HikeGraph.swift; sourceTree = "<group>"; };
		0046E82C298CFE8C007FDC41 /* HikeDetail.swift */ = {isa = PBXFileReference; fileEncoding = 4; lastKnownFileType = sourcecode.swift; path = HikeDetail.swift; sourceTree = "<group>"; };
		0046E82D298CFE8C007FDC41 /* HikeView.swift */ = {isa = PBXFileReference; fileEncoding = 4; lastKnownFileType = sourcecode.swift; path = HikeView.swift; sourceTree = "<group>"; };
		0046E832298D03D0007FDC41 /* CategoryHome.swift */ = {isa = PBXFileReference; lastKnownFileType = sourcecode.swift; path = CategoryHome.swift; sourceTree = "<group>"; };
		0046E834298D05B9007FDC41 /* CategoryRow.swift */ = {isa = PBXFileReference; lastKnownFileType = sourcecode.swift; path = CategoryRow.swift; sourceTree = "<group>"; };
		0046E836298D06E6007FDC41 /* CategoryItem.swift */ = {isa = PBXFileReference; lastKnownFileType = sourcecode.swift; path = CategoryItem.swift; sourceTree = "<group>"; };
		009D7E5C298BD63D0051C36F /* Landmarks.app */ = {isa = PBXFileReference; explicitFileType = wrapper.application; includeInIndex = 0; path = Landmarks.app; sourceTree = BUILT_PRODUCTS_DIR; };
		009D7E5F298BD63D0051C36F /* LandmarksApp.swift */ = {isa = PBXFileReference; lastKnownFileType = sourcecode.swift; path = LandmarksApp.swift; sourceTree = "<group>"; };
		009D7E61298BD63D0051C36F /* ContentView.swift */ = {isa = PBXFileReference; lastKnownFileType = sourcecode.swift; path = ContentView.swift; sourceTree = "<group>"; };
		009D7E63298BD63F0051C36F /* Assets.xcassets */ = {isa = PBXFileReference; lastKnownFileType = folder.assetcatalog; path = Assets.xcassets; sourceTree = "<group>"; };
		009D7E66298BD63F0051C36F /* Preview Assets.xcassets */ = {isa = PBXFileReference; lastKnownFileType = folder.assetcatalog; path = "Preview Assets.xcassets"; sourceTree = "<group>"; };
		009D7E6D298BD7D30051C36F /* CircleImage.swift */ = {isa = PBXFileReference; lastKnownFileType = sourcecode.swift; path = CircleImage.swift; sourceTree = "<group>"; };
		009D7E6F298BD8270051C36F /* MapView.swift */ = {isa = PBXFileReference; lastKnownFileType = sourcecode.swift; path = MapView.swift; sourceTree = "<group>"; };
		009D7E71298BDAF40051C36F /* landmarkData.json */ = {isa = PBXFileReference; fileEncoding = 4; lastKnownFileType = text.json; path = landmarkData.json; sourceTree = "<group>"; };
		009D7E73298BDB0C0051C36F /* Landmark.swift */ = {isa = PBXFileReference; lastKnownFileType = sourcecode.swift; path = Landmark.swift; sourceTree = "<group>"; };
		009D7E75298BDD3A0051C36F /* ModelData.swift */ = {isa = PBXFileReference; lastKnownFileType = sourcecode.swift; path = ModelData.swift; sourceTree = "<group>"; };
		009D7E7B298BDEE30051C36F /* LandmarkRow.swift */ = {isa = PBXFileReference; lastKnownFileType = sourcecode.swift; path = LandmarkRow.swift; sourceTree = "<group>"; };
		009D7E7D298BE0000051C36F /* LandmarkList.swift */ = {isa = PBXFileReference; lastKnownFileType = sourcecode.swift; path = LandmarkList.swift; sourceTree = "<group>"; };
		009D7E7F298BE1010051C36F /* LandmarkDetail.swift */ = {isa = PBXFileReference; lastKnownFileType = sourcecode.swift; path = LandmarkDetail.swift; sourceTree = "<group>"; };
/* End PBXFileReference section */

/* Begin PBXFrameworksBuildPhase section */
		009D7E59298BD63D0051C36F /* Frameworks */ = {
			isa = PBXFrameworksBuildPhase;
			buildActionMask = 2147483647;
			files = (
			);
			runOnlyForDeploymentPostprocessing = 0;
		};
/* End PBXFrameworksBuildPhase section */

/* Begin PBXGroup section */
		0046E7F8298BF273007FDC41 /* Landmarks */ = {
			isa = PBXGroup;
			children = (
				009D7E7D298BE0000051C36F /* LandmarkList.swift */,
				009D7E7B298BDEE30051C36F /* LandmarkRow.swift */,
				009D7E7F298BE1010051C36F /* LandmarkDetail.swift */,
			);
			path = Landmarks;
			sourceTree = "<group>";
		};
		0046E7F9298BF288007FDC41 /* Helpers */ = {
			isa = PBXGroup;
			children = (
				009D7E6D298BD7D30051C36F /* CircleImage.swift */,
				009D7E6F298BD8270051C36F /* MapView.swift */,
				0046E7F6298BF1D3007FDC41 /* FavoriteButton.swift */,
			);
			path = Helpers;
			sourceTree = "<group>";
		};
		0046E806298C0080007FDC41 /* Badges */ = {
			isa = PBXGroup;
			children = (
				0046E804298BFE70007FDC41 /* Badge.swift */,
				0046E7FE298BF71C007FDC41 /* BadgeBackground.swift */,
				0046E800298BFB2E007FDC41 /* BadgeSymbol.swift */,
				0046E7FC298BF4D5007FDC41 /* HexagonParameters.swift */,
				0046E802298BFDAC007FDC41 /* RotatedBadgeSymbol.swift */,
			);
			path = Badges;
			sourceTree = "<group>";
		};
		0046E829298CFE8C007FDC41 /* Hikes */ = {
			isa = PBXGroup;
			children = (
				0046E82A298CFE8C007FDC41 /* GraphCapsule.swift */,
				0046E82B298CFE8C007FDC41 /* HikeGraph.swift */,
				0046E82C298CFE8C007FDC41 /* HikeDetail.swift */,
				0046E82D298CFE8C007FDC41 /* HikeView.swift */,
			);
			path = Hikes;
			sourceTree = "<group>";
		};
		009D7E53298BD63D0051C36F = {
			isa = PBXGroup;
			children = (
				009D7E5E298BD63D0051C36F /* Landmarks */,
				009D7E5D298BD63D0051C36F /* Products */,
			);
			sourceTree = "<group>";
		};
		009D7E5D298BD63D0051C36F /* Products */ = {
			isa = PBXGroup;
			children = (
				009D7E5C298BD63D0051C36F /* Landmarks.app */,
			);
			name = Products;
			sourceTree = "<group>";
		};
		009D7E5E298BD63D0051C36F /* Landmarks */ = {
			isa = PBXGroup;
			children = (
				009D7E5F298BD63D0051C36F /* LandmarksApp.swift */,
				009D7E78298BDEA20051C36F /* Views */,
				009D7E79298BDEAC0051C36F /* Model */,
				009D7E7A298BDEB70051C36F /* Resources */,
				009D7E63298BD63F0051C36F /* Assets.xcassets */,
				009D7E65298BD63F0051C36F /* Preview Content */,
			);
			path = Landmarks;
			sourceTree = "<group>";
		};
		009D7E65298BD63F0051C36F /* Preview Content */ = {
			isa = PBXGroup;
			children = (
				009D7E66298BD63F0051C36F /* Preview Assets.xcassets */,
			);
			path = "Preview Content";
			sourceTree = "<group>";
		};
		009D7E78298BDEA20051C36F /* Views */ = {
			isa = PBXGroup;
			children = (
				009D7E61298BD63D0051C36F /* ContentView.swift */,
				0046E7F8298BF273007FDC41 /* Landmarks */,
				0046E806298C0080007FDC41 /* Badges */,
				0046E7F9298BF288007FDC41 /* Helpers */,
				0046E829298CFE8C007FDC41 /* Hikes */,
				0046E832298D03D0007FDC41 /* CategoryHome.swift */,
				0046E834298D05B9007FDC41 /* CategoryRow.swift */,
				0046E836298D06E6007FDC41 /* CategoryItem.swift */,
			);
			path = Views;
			sourceTree = "<group>";
		};
		009D7E79298BDEAC0051C36F /* Model */ = {
			isa = PBXGroup;
			children = (
				0046E827298CFD5C007FDC41 /* Hike.swift */,
				009D7E73298BDB0C0051C36F /* Landmark.swift */,
				009D7E75298BDD3A0051C36F /* ModelData.swift */,
			);
			path = Model;
			sourceTree = "<group>";
		};
		009D7E7A298BDEB70051C36F /* Resources */ = {
			isa = PBXGroup;
			children = (
				009D7E71298BDAF40051C36F /* landmarkData.json */,
				0046E825298CFD3C007FDC41 /* hikeData.json */,
			);
			path = Resources;
			sourceTree = "<group>";
		};
/* End PBXGroup section */

/* Begin PBXNativeTarget section */
		009D7E5B298BD63D0051C36F /* Landmarks */ = {
			isa = PBXNativeTarget;
			buildConfigurationList = 009D7E6A298BD63F0051C36F /* Build configuration list for PBXNativeTarget "Landmarks" */;
			buildPhases = (
				009D7E58298BD63D0051C36F /* Sources */,
				009D7E59298BD63D0051C36F /* Frameworks */,
				009D7E5A298BD63D0051C36F /* Resources */,
			);
			buildRules = (
			);
			dependencies = (
			);
			name = Landmarks;
			productName = Landmarks;
			productReference = 009D7E5C298BD63D0051C36F /* Landmarks.app */;
			productType = "com.apple.product-type.application";
		};
/* End PBXNativeTarget section */

/* Begin PBXProject section */
		009D7E54298BD63D0051C36F /* Project object */ = {
			isa = PBXProject;
			attributes = {
				BuildIndependentTargetsInParallel = 1;
				LastSwiftUpdateCheck = 1420;
				LastUpgradeCheck = 1420;
				TargetAttributes = {
					009D7E5B298BD63D0051C36F = {
						CreatedOnToolsVersion = 14.2;
					};
				};
			};
			buildConfigurationList = 009D7E57298BD63D0051C36F /* Build configuration list for PBXProject "Landmarks" */;
			compatibilityVersion = "Xcode 14.0";
			developmentRegion = en;
			hasScannedForEncodings = 0;
			knownRegions = (
				en,
				Base,
			);
			mainGroup = 009D7E53298BD63D0051C36F;
			productRefGroup = 009D7E5D298BD63D0051C36F /* Products */;
			projectDirPath = "";
			projectRoot = "";
			targets = (
				009D7E5B298BD63D0051C36F /* Landmarks */,
			);
		};
/* End PBXProject section */

/* Begin PBXResourcesBuildPhase section */
		009D7E5A298BD63D0051C36F /* Resources */ = {
			isa = PBXResourcesBuildPhase;
			buildActionMask = 2147483647;
			files = (
				0046E826298CFD3C007FDC41 /* hikeData.json in Resources */,
				009D7E67298BD63F0051C36F /* Preview Assets.xcassets in Resources */,
				009D7E64298BD63F0051C36F /* Assets.xcassets in Resources */,
				009D7E72298BDAF40051C36F /* landmarkData.json in Resources */,
			);
			runOnlyForDeploymentPostprocessing = 0;
		};
/* End PBXResourcesBuildPhase section */

/* Begin PBXSourcesBuildPhase section */
		009D7E58298BD63D0051C36F /* Sources */ = {
			isa = PBXSourcesBuildPhase;
			buildActionMask = 2147483647;
			files = (
				0046E835298D05B9007FDC41 /* CategoryRow.swift in Sources */,
				009D7E62298BD63D0051C36F /* ContentView.swift in Sources */,
				0046E833298D03D0007FDC41 /* CategoryHome.swift in Sources */,
				0046E82F298CFE8C007FDC41 /* HikeGraph.swift in Sources */,
				0046E805298BFE70007FDC41 /* Badge.swift in Sources */,
				009D7E70298BD8270051C36F /* MapView.swift in Sources */,
				0046E82E298CFE8C007FDC41 /* GraphCapsule.swift in Sources */,
				009D7E60298BD63D0051C36F /* LandmarksApp.swift in Sources */,
				0046E7F7298BF1D3007FDC41 /* FavoriteButton.swift in Sources */,
				0046E837298D06E6007FDC41 /* CategoryItem.swift in Sources */,
				0046E830298CFE8C007FDC41 /* HikeDetail.swift in Sources */,
				0046E7FD298BF4D5007FDC41 /* HexagonParameters.swift in Sources */,
				0046E828298CFD5C007FDC41 /* Hike.swift in Sources */,
				0046E803298BFDAC007FDC41 /* RotatedBadgeSymbol.swift in Sources */,
				0046E801298BFB2E007FDC41 /* BadgeSymbol.swift in Sources */,
				009D7E7E298BE0000051C36F /* LandmarkList.swift in Sources */,
				0046E831298CFE8C007FDC41 /* HikeView.swift in Sources */,
				009D7E80298BE1010051C36F /* LandmarkDetail.swift in Sources */,
				0046E7FF298BF71C007FDC41 /* BadgeBackground.swift in Sources */,
				009D7E6E298BD7D30051C36F /* CircleImage.swift in Sources */,
				009D7E74298BDB0C0051C36F /* Landmark.swift in Sources */,
				009D7E7C298BDEE30051C36F /* LandmarkRow.swift in Sources */,
				009D7E76298BDD3A0051C36F /* ModelData.swift in Sources */,
			);
			runOnlyForDeploymentPostprocessing = 0;
		};
/* End PBXSourcesBuildPhase section */

/* Begin XCBuildConfiguration section */
		009D7E68298BD63F0051C36F /* Debug */ = {
			isa = XCBuildConfiguration;
			buildSettings = {
				ALWAYS_SEARCH_USER_PATHS = NO;
				CLANG_ANALYZER_NONNULL = YES;
				CLANG_ANALYZER_NUMBER_OBJECT_CONVERSION = YES_AGGRESSIVE;
				CLANG_CXX_LANGUAGE_STANDARD = "gnu++20";
				CLANG_ENABLE_MODULES = YES;
				CLANG_ENABLE_OBJC_ARC = YES;
				CLANG_ENABLE_OBJC_WEAK = YES;
				CLANG_WARN_BLOCK_CAPTURE_AUTORELEASING = YES;
				CLANG_WARN_BOOL_CONVERSION = YES;
				CLANG_WARN_COMMA = YES;
				CLANG_WARN_CONSTANT_CONVERSION = YES;
				CLANG_WARN_DEPRECATED_OBJC_IMPLEMENTATIONS = YES;
				CLANG_WARN_DIRECT_OBJC_ISA_USAGE = YES_ERROR;
				CLANG_WARN_DOCUMENTATION_COMMENTS = YES;
				CLANG_WARN_EMPTY_BODY = YES;
				CLANG_WARN_ENUM_CONVERSION = YES;
				CLANG_WARN_INFINITE_RECURSION = YES;
				CLANG_WARN_INT_CONVERSION = YES;
				CLANG_WARN_NON_LITERAL_NULL_CONVERSION = YES;
				CLANG_WARN_OBJC_IMPLICIT_RETAIN_SELF = YES;
				CLANG_WARN_OBJC_LITERAL_CONVERSION = YES;
				CLANG_WARN_OBJC_ROOT_CLASS = YES_ERROR;
				CLANG_WARN_QUOTED_INCLUDE_IN_FRAMEWORK_HEADER = YES;
				CLANG_WARN_RANGE_LOOP_ANALYSIS = YES;
				CLANG_WARN_STRICT_PROTOTYPES = YES;
				CLANG_WARN_SUSPICIOUS_MOVE = YES;
				CLANG_WARN_UNGUARDED_AVAILABILITY = YES_AGGRESSIVE;
				CLANG_WARN_UNREACHABLE_CODE = YES;
				CLANG_WARN__DUPLICATE_METHOD_MATCH = YES;
				COPY_PHASE_STRIP = NO;
				DEBUG_INFORMATION_FORMAT = dwarf;
				ENABLE_STRICT_OBJC_MSGSEND = YES;
				ENABLE_TESTABILITY = YES;
				GCC_C_LANGUAGE_STANDARD = gnu11;
				GCC_DYNAMIC_NO_PIC = NO;
				GCC_NO_COMMON_BLOCKS = YES;
				GCC_OPTIMIZATION_LEVEL = 0;
				GCC_PREPROCESSOR_DEFINITIONS = (
					"DEBUG=1",
					"$(inherited)",
				);
				GCC_WARN_64_TO_32_BIT_CONVERSION = YES;
				GCC_WARN_ABOUT_RETURN_TYPE = YES_ERROR;
				GCC_WARN_UNDECLARED_SELECTOR = YES;
				GCC_WARN_UNINITIALIZED_AUTOS = YES_AGGRESSIVE;
				GCC_WARN_UNUSED_FUNCTION = YES;
				GCC_WARN_UNUSED_VARIABLE = YES;
				IPHONEOS_DEPLOYMENT_TARGET = 16.2;
				MTL_ENABLE_DEBUG_INFO = INCLUDE_SOURCE;
				MTL_FAST_MATH = YES;
				ONLY_ACTIVE_ARCH = YES;
				SDKROOT = iphoneos;
				SWIFT_ACTIVE_COMPILATION_CONDITIONS = DEBUG;
				SWIFT_OPTIMIZATION_LEVEL = "-Onone";
			};
			name = Debug;
		};
		009D7E69298BD63F0051C36F /* Release */ = {
			isa = XCBuildConfiguration;
			buildSettings = {
				ALWAYS_SEARCH_USER_PATHS = NO;
				CLANG_ANALYZER_NONNULL = YES;
				CLANG_ANALYZER_NUMBER_OBJECT_CONVERSION = YES_AGGRESSIVE;
				CLANG_CXX_LANGUAGE_STANDARD = "gnu++20";
				CLANG_ENABLE_MODULES = YES;
				CLANG_ENABLE_OBJC_ARC = YES;
				CLANG_ENABLE_OBJC_WEAK = YES;
				CLANG_WARN_BLOCK_CAPTURE_AUTORELEASING = YES;
				CLANG_WARN_BOOL_CONVERSION = YES;
				CLANG_WARN_COMMA = YES;
				CLANG_WARN_CONSTANT_CONVERSION = YES;
				CLANG_WARN_DEPRECATED_OBJC_IMPLEMENTATIONS = YES;
				CLANG_WARN_DIRECT_OBJC_ISA_USAGE = YES_ERROR;
				CLANG_WARN_DOCUMENTATION_COMMENTS = YES;
				CLANG_WARN_EMPTY_BODY = YES;
				CLANG_WARN_ENUM_CONVERSION = YES;
				CLANG_WARN_INFINITE_RECURSION = YES;
				CLANG_WARN_INT_CONVERSION = YES;
				CLANG_WARN_NON_LITERAL_NULL_CONVERSION = YES;
				CLANG_WARN_OBJC_IMPLICIT_RETAIN_SELF = YES;
				CLANG_WARN_OBJC_LITERAL_CONVERSION = YES;
				CLANG_WARN_OBJC_ROOT_CLASS = YES_ERROR;
				CLANG_WARN_QUOTED_INCLUDE_IN_FRAMEWORK_HEADER = YES;
				CLANG_WARN_RANGE_LOOP_ANALYSIS = YES;
				CLANG_WARN_STRICT_PROTOTYPES = YES;
				CLANG_WARN_SUSPICIOUS_MOVE = YES;
				CLANG_WARN_UNGUARDED_AVAILABILITY = YES_AGGRESSIVE;
				CLANG_WARN_UNREACHABLE_CODE = YES;
				CLANG_WARN__DUPLICATE_METHOD_MATCH = YES;
				COPY_PHASE_STRIP = NO;
				DEBUG_INFORMATION_FORMAT = "dwarf-with-dsym";
				ENABLE_NS_ASSERTIONS = NO;
				ENABLE_STRICT_OBJC_MSGSEND = YES;
				GCC_C_LANGUAGE_STANDARD = gnu11;
				GCC_NO_COMMON_BLOCKS = YES;
				GCC_WARN_64_TO_32_BIT_CONVERSION = YES;
				GCC_WARN_ABOUT_RETURN_TYPE = YES_ERROR;
				GCC_WARN_UNDECLARED_SELECTOR = YES;
				GCC_WARN_UNINITIALIZED_AUTOS = YES_AGGRESSIVE;
				GCC_WARN_UNUSED_FUNCTION = YES;
				GCC_WARN_UNUSED_VARIABLE = YES;
				IPHONEOS_DEPLOYMENT_TARGET = 16.2;
				MTL_ENABLE_DEBUG_INFO = NO;
				MTL_FAST_MATH = YES;
				SDKROOT = iphoneos;
				SWIFT_COMPILATION_MODE = wholemodule;
				SWIFT_OPTIMIZATION_LEVEL = "-O";
				VALIDATE_PRODUCT = YES;
			};
			name = Release;
		};
		009D7E6B298BD63F0051C36F /* Debug */ = {
			isa = XCBuildConfiguration;
			buildSettings = {
				ASSETCATALOG_COMPILER_APPICON_NAME = AppIcon;
				ASSETCATALOG_COMPILER_GLOBAL_ACCENT_COLOR_NAME = AccentColor;
				CODE_SIGN_STYLE = Automatic;
				CURRENT_PROJECT_VERSION = 1;
				DEVELOPMENT_ASSET_PATHS = "\"Landmarks/Preview Content\"";
				DEVELOPMENT_TEAM = J67932R8V9;
				ENABLE_PREVIEWS = YES;
				GENERATE_INFOPLIST_FILE = YES;
				INFOPLIST_KEY_UIApplicationSceneManifest_Generation = YES;
				INFOPLIST_KEY_UIApplicationSupportsIndirectInputEvents = YES;
				INFOPLIST_KEY_UILaunchScreen_Generation = YES;
				INFOPLIST_KEY_UISupportedInterfaceOrientations_iPad = "UIInterfaceOrientationPortrait UIInterfaceOrientationPortraitUpsideDown UIInterfaceOrientationLandscapeLeft UIInterfaceOrientationLandscapeRight";
				INFOPLIST_KEY_UISupportedInterfaceOrientations_iPhone = "UIInterfaceOrientationPortrait UIInterfaceOrientationLandscapeLeft UIInterfaceOrientationLandscapeRight";
				IPHONEOS_DEPLOYMENT_TARGET = 16.0;
				LD_RUNPATH_SEARCH_PATHS = (
					"$(inherited)",
					"@executable_path/Frameworks",
				);
				MARKETING_VERSION = 1.0;
				PRODUCT_BUNDLE_IDENTIFIER = "com.excellent-plan.Landmarks";
				PRODUCT_NAME = "$(TARGET_NAME)";
				SWIFT_EMIT_LOC_STRINGS = YES;
				SWIFT_VERSION = 5.0;
				TARGETED_DEVICE_FAMILY = "1,2";
			};
			name = Debug;
		};
		009D7E6C298BD63F0051C36F /* Release */ = {
			isa = XCBuildConfiguration;
			buildSettings = {
				ASSETCATALOG_COMPILER_APPICON_NAME = AppIcon;
				ASSETCATALOG_COMPILER_GLOBAL_ACCENT_COLOR_NAME = AccentColor;
				CODE_SIGN_STYLE = Automatic;
				CURRENT_PROJECT_VERSION = 1;
				DEVELOPMENT_ASSET_PATHS = "\"Landmarks/Preview Content\"";
				DEVELOPMENT_TEAM = J67932R8V9;
				ENABLE_PREVIEWS = YES;
				GENERATE_INFOPLIST_FILE = YES;
				INFOPLIST_KEY_UIApplicationSceneManifest_Generation = YES;
				INFOPLIST_KEY_UIApplicationSupportsIndirectInputEvents = YES;
				INFOPLIST_KEY_UILaunchScreen_Generation = YES;
				INFOPLIST_KEY_UISupportedInterfaceOrientations_iPad = "UIInterfaceOrientationPortrait UIInterfaceOrientationPortraitUpsideDown UIInterfaceOrientationLandscapeLeft UIInterfaceOrientationLandscapeRight";
				INFOPLIST_KEY_UISupportedInterfaceOrientations_iPhone = "UIInterfaceOrientationPortrait UIInterfaceOrientationLandscapeLeft UIInterfaceOrientationLandscapeRight";
				IPHONEOS_DEPLOYMENT_TARGET = 16.0;
				LD_RUNPATH_SEARCH_PATHS = (
					"$(inherited)",
					"@executable_path/Frameworks",
				);
				MARKETING_VERSION = 1.0;
				PRODUCT_BUNDLE_IDENTIFIER = "com.excellent-plan.Landmarks";
				PRODUCT_NAME = "$(TARGET_NAME)";
				SWIFT_EMIT_LOC_STRINGS = YES;
				SWIFT_VERSION = 5.0;
				TARGETED_DEVICE_FAMILY = "1,2";
			};
			name = Release;
		};
/* End XCBuildConfiguration section */

/* Begin XCConfigurationList section */
		009D7E57298BD63D0051C36F /* Build configuration list for PBXProject "Landmarks" */ = {
			isa = XCConfigurationList;
			buildConfigurations = (
				009D7E68298BD63F0051C36F /* Debug */,
				009D7E69298BD63F0051C36F /* Release */,
			);
			defaultConfigurationIsVisible = 0;
			defaultConfigurationName = Release;
		};
		009D7E6A298BD63F0051C36F /* Build configuration list for PBXNativeTarget "Landmarks" */ = {
			isa = XCConfigurationList;
			buildConfigurations = (
				009D7E6B298BD63F0051C36F /* Debug */,
				009D7E6C298BD63F0051C36F /* Release */,
			);
			defaultConfigurationIsVisible = 0;
			defaultConfigurationName = Release;
		};
/* End XCConfigurationList section */
	};
	rootObject = 009D7E54298BD63D0051C36F /* Project object */;
}
